
Microsoft Visual Studio Solution File, Format Version 12.00
# Visual Studio Version 17
VisualStudioVersion = 17.14.36401.2 d17.14
MinimumVisualStudioVersion = 10.0.40219.1
Project("{FAE04EC0-301F-11D3-BF4B-00C04F79EFBC}") = "Hangman", "Hangman\Hangman.csproj", "{87AD94C5-9842-40EA-A618-F8AD63DE3BBC}"
EndProject
Global
	GlobalSection(SolutionConfigurationPlatforms) = preSolution
		Debug|Any CPU = Debug|Any CPU
		Release|Any CPU = Release|Any CPU
	EndGlobalSection
	GlobalSection(ProjectConfigurationPlatforms) = postSolution
		{87AD94C5-9842-40EA-A618-F8AD63DE3BBC}.Debug|Any CPU.ActiveCfg = Debug|Any CPU
		{87AD94C5-9842-40EA-A618-F8AD63DE3BBC}.Debug|Any CPU.Build.0 = Debug|Any CPU
		{87AD94C5-9842-40EA-A618-F8AD63DE3BBC}.Release|Any CPU.ActiveCfg = Release|Any CPU
		{87AD94C5-9842-40EA-A618-F8AD63DE3BBC}.Release|Any CPU.Build.0 = Release|Any CPU
	EndGlobalSection
	GlobalSection(SolutionProperties) = preSolution
		HideSolutionNode = FALSE
	EndGlobalSection
	GlobalSection(ExtensibilityGlobals) = postSolution
		SolutionGuid = {92E7DFCD-5EC6-4463-878B-D1DFC6702AA8}
	EndGlobalSection
EndGlobal
